
Microsoft Visual Studio Solution File, Format Version 12.00
# Visual Studio Version 17
VisualStudioVersion = 17.11.35222.181
MinimumVisualStudioVersion = 10.0.40219.1
Project("{9A19103F-16F7-4668-BE54-9A1E7A4F7556}") = "magazine_music", "magazine_music.csproj", "{DA0A8060-0A3F-4F01-A966-81CD19453719}"
EndProject
Global
	GlobalSection(SolutionConfigurationPlatforms) = preSolution
		Debug|Any CPU = Debug|Any CPU
		Release|Any CPU = Release|Any CPU
	EndGlobalSection
	GlobalSection(ProjectConfigurationPlatforms) = postSolution
		{DA0A8060-0A3F-4F01-A966-81CD19453719}.Debug|Any CPU.ActiveCfg = Debug|Any CPU
		{DA0A8060-0A3F-4F01-A966-81CD19453719}.Debug|Any CPU.Build.0 = Debug|Any CPU
		{DA0A8060-0A3F-4F01-A966-81CD19453719}.Release|Any CPU.ActiveCfg = Release|Any CPU
		{DA0A8060-0A3F-4F01-A966-81CD19453719}.Release|Any CPU.Build.0 = Release|Any CPU
	EndGlobalSection
	GlobalSection(SolutionProperties) = preSolution
		HideSolutionNode = FALSE
	EndGlobalSection
	GlobalSection(ExtensibilityGlobals) = postSolution
		SolutionGuid = {FF8200EF-B1C3-4659-B7F8-333FA39E17FD}
	EndGlobalSection
EndGlobal
